
Microsoft Visual Studio Solution File, Format Version 12.00
# Visual Studio 15
VisualStudioVersion = 15.0.27703.2026
MinimumVisualStudioVersion = 10.0.40219.1
Project("{2150E333-8FDC-42A3-9474-1A3956D46DE8}") = "src", "src", "{FB8F21DA-EF5E-453B-9F64-F9891DAC1C51}"
EndProject
Project("{FAE04EC0-301F-11D3-BF4B-00C04F79EFBC}") = "Czar.IdentityServer4", "..\Czar.IdentityServer4\Czar.IdentityServer4.csproj", "{F323E083-FD9C-4ADA-853A-41D28EAB5378}"
EndProject
Global
	GlobalSection(SolutionConfigurationPlatforms) = preSolution
		Debug|Any CPU = Debug|Any CPU
		Release|Any CPU = Release|Any CPU
	EndGlobalSection
	GlobalSection(ProjectConfigurationPlatforms) = postSolution
		{F323E083-FD9C-4ADA-853A-41D28EAB5378}.Debug|Any CPU.ActiveCfg = Debug|Any CPU
		{F323E083-FD9C-4ADA-853A-41D28EAB5378}.Debug|Any CPU.Build.0 = Debug|Any CPU
		{F323E083-FD9C-4ADA-853A-41D28EAB5378}.Release|Any CPU.ActiveCfg = Release|Any CPU
		{F323E083-FD9C-4ADA-853A-41D28EAB5378}.Release|Any CPU.Build.0 = Release|Any CPU
	EndGlobalSection
	GlobalSection(SolutionProperties) = preSolution
		HideSolutionNode = FALSE
	EndGlobalSection
	GlobalSection(NestedProjects) = preSolution
		{F323E083-FD9C-4ADA-853A-41D28EAB5378} = {FB8F21DA-EF5E-453B-9F64-F9891DAC1C51}
	EndGlobalSection
	GlobalSection(ExtensibilityGlobals) = postSolution
		SolutionGuid = {19DDD892-88CA-4D03-BF00-A13836F14BF2}
	EndGlobalSection
EndGlobal
